
Microsoft Visual Studio Solution File, Format Version 12.00
Project("{FAE04EC0-301F-11D3-BF4B-00C04F79EFBC}") = "AlcoholTracker", "AlcoholTracker\AlcoholTracker.csproj", "{FCE00F48-EB22-47DE-B3A4-D7CC5BDC1E07}"
EndProject
Project("{FAE04EC0-301F-11D3-BF4B-00C04F79EFBC}") = "AlcoholTrackingUnitTests", "AlcoholTrackingUnitTests\AlcoholTrackingUnitTests.csproj", "{8DF1E3CC-2733-42D9-9DDD-5E8C674A0BDD}"
EndProject
Global
	GlobalSection(SolutionConfigurationPlatforms) = preSolution
		Debug|Any CPU = Debug|Any CPU
		Release|Any CPU = Release|Any CPU
	EndGlobalSection
	GlobalSection(ProjectConfigurationPlatforms) = postSolution
		{FCE00F48-EB22-47DE-B3A4-D7CC5BDC1E07}.Debug|Any CPU.ActiveCfg = Debug|Any CPU
		{FCE00F48-EB22-47DE-B3A4-D7CC5BDC1E07}.Debug|Any CPU.Build.0 = Debug|Any CPU
		{FCE00F48-EB22-47DE-B3A4-D7CC5BDC1E07}.Release|Any CPU.ActiveCfg = Release|Any CPU
		{FCE00F48-EB22-47DE-B3A4-D7CC5BDC1E07}.Release|Any CPU.Build.0 = Release|Any CPU
		{8DF1E3CC-2733-42D9-9DDD-5E8C674A0BDD}.Debug|Any CPU.ActiveCfg = Debug|Any CPU
		{8DF1E3CC-2733-42D9-9DDD-5E8C674A0BDD}.Debug|Any CPU.Build.0 = Debug|Any CPU
		{8DF1E3CC-2733-42D9-9DDD-5E8C674A0BDD}.Release|Any CPU.ActiveCfg = Release|Any CPU
		{8DF1E3CC-2733-42D9-9DDD-5E8C674A0BDD}.Release|Any CPU.Build.0 = Release|Any CPU
	EndGlobalSection
EndGlobal
